
Microsoft Visual Studio Solution File, Format Version 12.00
# Visual Studio 15
VisualStudioVersion = 15.0.27130.2036
MinimumVisualStudioVersion = 10.0.40219.1
Project("{FAE04EC0-301F-11D3-BF4B-00C04F79EFBC}") = "Conselho", "Conselho\Conselho.csproj", "{659365A0-3A04-4266-81AC-1A391020D727}"
EndProject
Global
	GlobalSection(SolutionConfigurationPlatforms) = preSolution
		Debug|Any CPU = Debug|Any CPU
		Release|Any CPU = Release|Any CPU
	EndGlobalSection
	GlobalSection(ProjectConfigurationPlatforms) = postSolution
		{659365A0-3A04-4266-81AC-1A391020D727}.Debug|Any CPU.ActiveCfg = Debug|Any CPU
		{659365A0-3A04-4266-81AC-1A391020D727}.Debug|Any CPU.Build.0 = Debug|Any CPU
		{659365A0-3A04-4266-81AC-1A391020D727}.Release|Any CPU.ActiveCfg = Release|Any CPU
		{659365A0-3A04-4266-81AC-1A391020D727}.Release|Any CPU.Build.0 = Release|Any CPU
	EndGlobalSection
	GlobalSection(SolutionProperties) = preSolution
		HideSolutionNode = FALSE
	EndGlobalSection
	GlobalSection(ExtensibilityGlobals) = postSolution
		SolutionGuid = {BFC5A492-5C9A-40BF-B31B-05D71B0C1A28}
	EndGlobalSection
EndGlobal
